// !$*UTF8*$!
{
	archiveVersion = 1;
	classes = {
	};
	objectVersion = 50;
	objects = {

/* Begin PBXBuildFile section */
		85F240B2268050AB00B743F4 /* main.cpp in Sources */ = {isa = PBXBuildFile; fileRef = 85F240B1268050AB00B743F4 /* main.cpp */; };
		85F240BA268050C100B743F4 /* OpenGL.framework in Frameworks */ = {isa = PBXBuildFile; fileRef = 85F240B9268050C100B743F4 /* OpenGL.framework */; };
		85F240BC268050D100B743F4 /* libGLEW.2.2.0.dylib in Frameworks */ = {isa = PBXBuildFile; fileRef = 85F240BB268050D100B743F4 /* libGLEW.2.2.0.dylib */; };
		85F240BD268050D100B743F4 /* libGLEW.2.2.0.dylib in Embed Libraries */ = {isa = PBXBuildFile; fileRef = 85F240BB268050D100B743F4 /* libGLEW.2.2.0.dylib */; settings = {ATTRIBUTES = (CodeSignOnCopy, ); }; };
		85F240C0268050DE00B743F4 /* libglfw.3.3.dylib in Frameworks */ = {isa = PBXBuildFile; fileRef = 85F240BF268050DE00B743F4 /* libglfw.3.3.dylib */; };
		85F240C1268050DE00B743F4 /* libglfw.3.3.dylib in Embed Libraries */ = {isa = PBXBuildFile; fileRef = 85F240BF268050DE00B743F4 /* libglfw.3.3.dylib */; settings = {ATTRIBUTES = (CodeSignOnCopy, ); }; };
		85F240C52681D71400B743F4 /* opengl_tutorial_01.cpp in Sources */ = {isa = PBXBuildFile; fileRef = 85F240C42681D71400B743F4 /* opengl_tutorial_01.cpp */; };
		85F240CD2681F64B00B743F4 /* shaders.cpp in Sources */ = {isa = PBXBuildFile; fileRef = 85F240CC2681F64B00B743F4 /* shaders.cpp */; };
		85F240D1268AFE9700B743F4 /* opengl_tutorial_02.cpp in Sources */ = {isa = PBXBuildFile; fileRef = 85F240CF268AFE9700B743F4 /* opengl_tutorial_02.cpp */; };
		85F240D3268AFEF200B743F4 /* opengl_tutorial_03.cpp in Sources */ = {isa = PBXBuildFile; fileRef = 85F240D2268AFEF200B743F4 /* opengl_tutorial_03.cpp */; };
		85F240D8268B3EF500B743F4 /* opengl_tutorial_04.cpp in Sources */ = {isa = PBXBuildFile; fileRef = 85F240D7268B3EF500B743F4 /* opengl_tutorial_04.cpp */; };
		85F240E12691D06E00B743F4 /* opengl_tutorial_05.cpp in Sources */ = {isa = PBXBuildFile; fileRef = 85F240E02691D06E00B743F4 /* opengl_tutorial_05.cpp */; };
		85F240E42691E58E00B743F4 /* texture.cpp in Sources */ = {isa = PBXBuildFile; fileRef = 85F240E22691E58E00B743F4 /* texture.cpp */; };
/* End PBXBuildFile section */

/* Begin PBXCopyFilesBuildPhase section */
		85F240AC268050AB00B743F4 /* CopyFiles */ = {
			isa = PBXCopyFilesBuildPhase;
			buildActionMask = 2147483647;
			dstPath = /usr/share/man/man1/;
			dstSubfolderSpec = 0;
			files = (
			);
			runOnlyForDeploymentPostprocessing = 1;
		};
		85F240BE268050D100B743F4 /* Embed Libraries */ = {
			isa = PBXCopyFilesBuildPhase;
			buildActionMask = 2147483647;
			dstPath = "";
			dstSubfolderSpec = 10;
			files = (
				85F240C1268050DE00B743F4 /* libglfw.3.3.dylib in Embed Libraries */,
				85F240BD268050D100B743F4 /* libGLEW.2.2.0.dylib in Embed Libraries */,
			);
			name = "Embed Libraries";
			runOnlyForDeploymentPostprocessing = 0;
		};
/* End PBXCopyFilesBuildPhase section */

/* Begin PBXFileReference section */
		85F240AE268050AB00B743F4 /* opengl_practice */ = {isa = PBXFileReference; explicitFileType = "compiled.mach-o.executable"; includeInIndex = 0; path = opengl_practice; sourceTree = BUILT_PRODUCTS_DIR; };
		85F240B1268050AB00B743F4 /* main.cpp */ = {isa = PBXFileReference; lastKnownFileType = sourcecode.cpp.cpp; path = main.cpp; sourceTree = "<group>"; };
		85F240B9268050C100B743F4 /* OpenGL.framework */ = {isa = PBXFileReference; lastKnownFileType = wrapper.framework; name = OpenGL.framework; path = System/Library/Frameworks/OpenGL.framework; sourceTree = SDKROOT; };
		85F240BB268050D100B743F4 /* libGLEW.2.2.0.dylib */ = {isa = PBXFileReference; lastKnownFileType = "compiled.mach-o.dylib"; name = libGLEW.2.2.0.dylib; path = ../../../../usr/local/Cellar/glew/2.2.0_1/lib/libGLEW.2.2.0.dylib; sourceTree = "<group>"; };
		85F240BF268050DE00B743F4 /* libglfw.3.3.dylib */ = {isa = PBXFileReference; lastKnownFileType = "compiled.mach-o.dylib"; name = libglfw.3.3.dylib; path = ../../../../usr/local/Cellar/glfw/3.3.4/lib/libglfw.3.3.dylib; sourceTree = "<group>"; };
		85F240C3268051E500B743F4 /* opengl_practice.hpp */ = {isa = PBXFileReference; lastKnownFileType = sourcecode.cpp.h; path = opengl_practice.hpp; sourceTree = "<group>"; };
		85F240C42681D71400B743F4 /* opengl_tutorial_01.cpp */ = {isa = PBXFileReference; lastKnownFileType = sourcecode.cpp.cpp; path = opengl_tutorial_01.cpp; sourceTree = "<group>"; };
		85F240C92681F2E600B743F4 /* SimpleVertexShader.vertexshader */ = {isa = PBXFileReference; lastKnownFileType = text; path = SimpleVertexShader.vertexshader; sourceTree = "<group>"; };
		85F240CA2681F36B00B743F4 /* SimpleFragmentShader.fragmentshader */ = {isa = PBXFileReference; lastKnownFileType = text; path = SimpleFragmentShader.fragmentshader; sourceTree = "<group>"; };
		85F240CC2681F64B00B743F4 /* shaders.cpp */ = {isa = PBXFileReference; lastKnownFileType = sourcecode.cpp.cpp; path = shaders.cpp; sourceTree = "<group>"; };
		85F240CE2683470500B743F4 /* shaders.hpp */ = {isa = PBXFileReference; lastKnownFileType = sourcecode.cpp.h; path = shaders.hpp; sourceTree = "<group>"; };
		85F240CF268AFE9700B743F4 /* opengl_tutorial_02.cpp */ = {isa = PBXFileReference; lastKnownFileType = sourcecode.cpp.cpp; path = opengl_tutorial_02.cpp; sourceTree = "<group>"; };
		85F240D2268AFEF200B743F4 /* opengl_tutorial_03.cpp */ = {isa = PBXFileReference; lastKnownFileType = sourcecode.cpp.cpp; path = opengl_tutorial_03.cpp; sourceTree = "<group>"; };
		85F240D6268B0A7600B743F4 /* SimpleTransform.vertexshader */ = {isa = PBXFileReference; lastKnownFileType = text; path = SimpleTransform.vertexshader; sourceTree = "<group>"; };
		85F240D7268B3EF500B743F4 /* opengl_tutorial_04.cpp */ = {isa = PBXFileReference; lastKnownFileType = sourcecode.cpp.cpp; path = opengl_tutorial_04.cpp; sourceTree = "<group>"; };
		85F240DA268B409E00B743F4 /* TransformVertexShader.vertexshader */ = {isa = PBXFileReference; lastKnownFileType = text; path = TransformVertexShader.vertexshader; sourceTree = "<group>"; };
		85F240DB268B418A00B743F4 /* ColorFragmentShader.fragmentshader */ = {isa = PBXFileReference; lastKnownFileType = text; path = ColorFragmentShader.fragmentshader; sourceTree = "<group>"; };
		85F240DD2691D03C00B743F4 /* uvtemplate.bmp */ = {isa = PBXFileReference; lastKnownFileType = image.bmp; name = uvtemplate.bmp; path = "../../../../Downloads/ogl-master/tutorial05_textured_cube/uvtemplate.bmp"; sourceTree = "<group>"; };
		85F240DE2691D03C00B743F4 /* uvtemplate.tga */ = {isa = PBXFileReference; lastKnownFileType = file; name = uvtemplate.tga; path = "../../../../Downloads/ogl-master/tutorial05_textured_cube/uvtemplate.tga"; sourceTree = "<group>"; };
		85F240DF2691D03C00B743F4 /* uvtemplate.DDS */ = {isa = PBXFileReference; lastKnownFileType = file; name = uvtemplate.DDS; path = "../../../../Downloads/ogl-master/tutorial05_textured_cube/uvtemplate.DDS"; sourceTree = "<group>"; };
		85F240E02691D06E00B743F4 /* opengl_tutorial_05.cpp */ = {isa = PBXFileReference; lastKnownFileType = sourcecode.cpp.cpp; path = opengl_tutorial_05.cpp; sourceTree = "<group>"; };
		85F240E22691E58E00B743F4 /* texture.cpp */ = {isa = PBXFileReference; lastKnownFileType = sourcecode.cpp.cpp; path = texture.cpp; sourceTree = "<group>"; };
		85F240E32691E58E00B743F4 /* texture.hpp */ = {isa = PBXFileReference; lastKnownFileType = sourcecode.cpp.h; path = texture.hpp; sourceTree = "<group>"; };
		85F240E52692A1BF00B743F4 /* TransformVertexShader.vertexshader */ = {isa = PBXFileReference; lastKnownFileType = text; path = TransformVertexShader.vertexshader; sourceTree = "<group>"; };
		85F240E62692A2F800B743F4 /* TextureFragmentShader.fragmentshader */ = {isa = PBXFileReference; lastKnownFileType = text; path = TextureFragmentShader.fragmentshader; sourceTree = "<group>"; };
/* End PBXFileReference section */

/* Begin PBXFrameworksBuildPhase section */
		85F240AB268050AB00B743F4 /* Frameworks */ = {
			isa = PBXFrameworksBuildPhase;
			buildActionMask = 2147483647;
			files = (
				85F240C0268050DE00B743F4 /* libglfw.3.3.dylib in Frameworks */,
				85F240BA268050C100B743F4 /* OpenGL.framework in Frameworks */,
				85F240BC268050D100B743F4 /* libGLEW.2.2.0.dylib in Frameworks */,
			);
			runOnlyForDeploymentPostprocessing = 0;
		};
/* End PBXFrameworksBuildPhase section */

/* Begin PBXGroup section */
		85F240A5268050AB00B743F4 = {
			isa = PBXGroup;
			children = (
				85F240B0268050AB00B743F4 /* opengl_practice */,
				85F240AF268050AB00B743F4 /* Products */,
				85F240B8268050C100B743F4 /* Frameworks */,
			);
			sourceTree = "<group>";
		};
		85F240AF268050AB00B743F4 /* Products */ = {
			isa = PBXGroup;
			children = (
				85F240AE268050AB00B743F4 /* opengl_practice */,
			);
			name = Products;
			sourceTree = "<group>";
		};
		85F240B0268050AB00B743F4 /* opengl_practice */ = {
			isa = PBXGroup;
			children = (
				85F240DC2691D01B00B743F4 /* tutorial_05_shader_texture */,
				85F240D9268B404000B743F4 /* tutorial_04_shader */,
				85F240D5268B0A1900B743F4 /* tutorial_03_shader */,
				85F240D4268B099600B743F4 /* tutorial_02_shader */,
				85F240CB2681F62600B743F4 /* common */,
				85F240B1268050AB00B743F4 /* main.cpp */,
				85F240C3268051E500B743F4 /* opengl_practice.hpp */,
				85F240C42681D71400B743F4 /* opengl_tutorial_01.cpp */,
				85F240CF268AFE9700B743F4 /* opengl_tutorial_02.cpp */,
				85F240D2268AFEF200B743F4 /* opengl_tutorial_03.cpp */,
				85F240D7268B3EF500B743F4 /* opengl_tutorial_04.cpp */,
				85F240E02691D06E00B743F4 /* opengl_tutorial_05.cpp */,
			);
			path = opengl_practice;
			sourceTree = "<group>";
		};
		85F240B8268050C100B743F4 /* Frameworks */ = {
			isa = PBXGroup;
			children = (
				85F240BF268050DE00B743F4 /* libglfw.3.3.dylib */,
				85F240BB268050D100B743F4 /* libGLEW.2.2.0.dylib */,
				85F240B9268050C100B743F4 /* OpenGL.framework */,
			);
			name = Frameworks;
			sourceTree = "<group>";
		};
		85F240CB2681F62600B743F4 /* common */ = {
			isa = PBXGroup;
			children = (
				85F240CC2681F64B00B743F4 /* shaders.cpp */,
				85F240CE2683470500B743F4 /* shaders.hpp */,
				85F240E22691E58E00B743F4 /* texture.cpp */,
				85F240E32691E58E00B743F4 /* texture.hpp */,
			);
			path = common;
			sourceTree = "<group>";
		};
		85F240D4268B099600B743F4 /* tutorial_02_shader */ = {
			isa = PBXGroup;
			children = (
				85F240C92681F2E600B743F4 /* SimpleVertexShader.vertexshader */,
				85F240CA2681F36B00B743F4 /* SimpleFragmentShader.fragmentshader */,
			);
			path = tutorial_02_shader;
			sourceTree = "<group>";
		};
		85F240D5268B0A1900B743F4 /* tutorial_03_shader */ = {
			isa = PBXGroup;
			children = (
				85F240D6268B0A7600B743F4 /* SimpleTransform.vertexshader */,
			);
			path = tutorial_03_shader;
			sourceTree = "<group>";
		};
		85F240D9268B404000B743F4 /* tutorial_04_shader */ = {
			isa = PBXGroup;
			children = (
				85F240DA268B409E00B743F4 /* TransformVertexShader.vertexshader */,
				85F240DB268B418A00B743F4 /* ColorFragmentShader.fragmentshader */,
			);
			path = tutorial_04_shader;
			sourceTree = "<group>";
		};
		85F240DC2691D01B00B743F4 /* tutorial_05_shader_texture */ = {
			isa = PBXGroup;
			children = (
				85F240DD2691D03C00B743F4 /* uvtemplate.bmp */,
				85F240DF2691D03C00B743F4 /* uvtemplate.DDS */,
				85F240DE2691D03C00B743F4 /* uvtemplate.tga */,
				85F240E52692A1BF00B743F4 /* TransformVertexShader.vertexshader */,
				85F240E62692A2F800B743F4 /* TextureFragmentShader.fragmentshader */,
			);
			path = tutorial_05_shader_texture;
			sourceTree = "<group>";
		};
/* End PBXGroup section */

/* Begin PBXNativeTarget section */
		85F240AD268050AB00B743F4 /* opengl_practice */ = {
			isa = PBXNativeTarget;
			buildConfigurationList = 85F240B5268050AB00B743F4 /* Build configuration list for PBXNativeTarget "opengl_practice" */;
			buildPhases = (
				85F240AA268050AB00B743F4 /* Sources */,
				85F240AB268050AB00B743F4 /* Frameworks */,
				85F240AC268050AB00B743F4 /* CopyFiles */,
				85F240BE268050D100B743F4 /* Embed Libraries */,
			);
			buildRules = (
			);
			dependencies = (
			);
			name = opengl_practice;
			productName = opengl_practice;
			productReference = 85F240AE268050AB00B743F4 /* opengl_practice */;
			productType = "com.apple.product-type.tool";
		};
/* End PBXNativeTarget section */

/* Begin PBXProject section */
		85F240A6268050AB00B743F4 /* Project object */ = {
			isa = PBXProject;
			attributes = {
				LastUpgradeCheck = 1250;
				TargetAttributes = {
					85F240AD268050AB00B743F4 = {
						CreatedOnToolsVersion = 12.5;
					};
				};
			};
			buildConfigurationList = 85F240A9268050AB00B743F4 /* Build configuration list for PBXProject "opengl_practice" */;
			compatibilityVersion = "Xcode 9.3";
			developmentRegion = en;
			hasScannedForEncodings = 0;
			knownRegions = (
				en,
				Base,
			);
			mainGroup = 85F240A5268050AB00B743F4;
			productRefGroup = 85F240AF268050AB00B743F4 /* Products */;
			projectDirPath = "";
			projectRoot = "";
			targets = (
				85F240AD268050AB00B743F4 /* opengl_practice */,
			);
		};
/* End PBXProject section */

/* Begin PBXSourcesBuildPhase section */
		85F240AA268050AB00B743F4 /* Sources */ = {
			isa = PBXSourcesBuildPhase;
			buildActionMask = 2147483647;
			files = (
				85F240D1268AFE9700B743F4 /* opengl_tutorial_02.cpp in Sources */,
				85F240CD2681F64B00B743F4 /* shaders.cpp in Sources */,
				85F240D8268B3EF500B743F4 /* opengl_tutorial_04.cpp in Sources */,
				85F240D3268AFEF200B743F4 /* opengl_tutorial_03.cpp in Sources */,
				85F240B2268050AB00B743F4 /* main.cpp in Sources */,
				85F240E42691E58E00B743F4 /* texture.cpp in Sources */,
				85F240E12691D06E00B743F4 /* opengl_tutorial_05.cpp in Sources */,
				85F240C52681D71400B743F4 /* opengl_tutorial_01.cpp in Sources */,
			);
			runOnlyForDeploymentPostprocessing = 0;
		};
/* End PBXSourcesBuildPhase section */

/* Begin XCBuildConfiguration section */
		85F240B3268050AB00B743F4 /* Debug */ = {
			isa = XCBuildConfiguration;
			buildSettings = {
				ALWAYS_SEARCH_USER_PATHS = NO;
				CLANG_ANALYZER_NONNULL = YES;
				CLANG_ANALYZER_NUMBER_OBJECT_CONVERSION = YES_AGGRESSIVE;
				CLANG_CXX_LANGUAGE_STANDARD = "gnu++14";
				CLANG_CXX_LIBRARY = "libc++";
				CLANG_ENABLE_MODULES = YES;
				CLANG_ENABLE_OBJC_ARC = YES;
				CLANG_ENABLE_OBJC_WEAK = YES;
				CLANG_WARN_BLOCK_CAPTURE_AUTORELEASING = YES;
				CLANG_WARN_BOOL_CONVERSION = YES;
				CLANG_WARN_COMMA = YES;
				CLANG_WARN_CONSTANT_CONVERSION = YES;
				CLANG_WARN_DEPRECATED_OBJC_IMPLEMENTATIONS = YES;
				CLANG_WARN_DIRECT_OBJC_ISA_USAGE = YES_ERROR;
				CLANG_WARN_DOCUMENTATION_COMMENTS = YES;
				CLANG_WARN_EMPTY_BODY = YES;
				CLANG_WARN_ENUM_CONVERSION = YES;
				CLANG_WARN_INFINITE_RECURSION = YES;
				CLANG_WARN_INT_CONVERSION = YES;
				CLANG_WARN_NON_LITERAL_NULL_CONVERSION = YES;
				CLANG_WARN_OBJC_IMPLICIT_RETAIN_SELF = YES;
				CLANG_WARN_OBJC_LITERAL_CONVERSION = YES;
				CLANG_WARN_OBJC_ROOT_CLASS = YES_ERROR;
				CLANG_WARN_QUOTED_INCLUDE_IN_FRAMEWORK_HEADER = YES;
				CLANG_WARN_RANGE_LOOP_ANALYSIS = YES;
				CLANG_WARN_STRICT_PROTOTYPES = YES;
				CLANG_WARN_SUSPICIOUS_MOVE = YES;
				CLANG_WARN_UNGUARDED_AVAILABILITY = YES_AGGRESSIVE;
				CLANG_WARN_UNREACHABLE_CODE = YES;
				CLANG_WARN__DUPLICATE_METHOD_MATCH = YES;
				COPY_PHASE_STRIP = NO;
				DEBUG_INFORMATION_FORMAT = dwarf;
				ENABLE_STRICT_OBJC_MSGSEND = YES;
				ENABLE_TESTABILITY = YES;
				GCC_C_LANGUAGE_STANDARD = gnu11;
				GCC_DYNAMIC_NO_PIC = NO;
				GCC_NO_COMMON_BLOCKS = YES;
				GCC_OPTIMIZATION_LEVEL = 0;
				GCC_PREPROCESSOR_DEFINITIONS = (
					"DEBUG=1",
					"$(inherited)",
				);
				GCC_WARN_64_TO_32_BIT_CONVERSION = YES;
				GCC_WARN_ABOUT_RETURN_TYPE = YES_ERROR;
				GCC_WARN_UNDECLARED_SELECTOR = YES;
				GCC_WARN_UNINITIALIZED_AUTOS = YES_AGGRESSIVE;
				GCC_WARN_UNUSED_FUNCTION = YES;
				GCC_WARN_UNUSED_VARIABLE = YES;
				MACOSX_DEPLOYMENT_TARGET = 11.2;
				MTL_ENABLE_DEBUG_INFO = INCLUDE_SOURCE;
				MTL_FAST_MATH = YES;
				ONLY_ACTIVE_ARCH = YES;
				SDKROOT = macosx;
			};
			name = Debug;
		};
		85F240B4268050AB00B743F4 /* Release */ = {
			isa = XCBuildConfiguration;
			buildSettings = {
				ALWAYS_SEARCH_USER_PATHS = NO;
				CLANG_ANALYZER_NONNULL = YES;
				CLANG_ANALYZER_NUMBER_OBJECT_CONVERSION = YES_AGGRESSIVE;
				CLANG_CXX_LANGUAGE_STANDARD = "gnu++14";
				CLANG_CXX_LIBRARY = "libc++";
				CLANG_ENABLE_MODULES = YES;
				CLANG_ENABLE_OBJC_ARC = YES;
				CLANG_ENABLE_OBJC_WEAK = YES;
				CLANG_WARN_BLOCK_CAPTURE_AUTORELEASING = YES;
				CLANG_WARN_BOOL_CONVERSION = YES;
				CLANG_WARN_COMMA = YES;
				CLANG_WARN_CONSTANT_CONVERSION = YES;
				CLANG_WARN_DEPRECATED_OBJC_IMPLEMENTATIONS = YES;
				CLANG_WARN_DIRECT_OBJC_ISA_USAGE = YES_ERROR;
				CLANG_WARN_DOCUMENTATION_COMMENTS = YES;
				CLANG_WARN_EMPTY_BODY = YES;
				CLANG_WARN_ENUM_CONVERSION = YES;
				CLANG_WARN_INFINITE_RECURSION = YES;
				CLANG_WARN_INT_CONVERSION = YES;
				CLANG_WARN_NON_LITERAL_NULL_CONVERSION = YES;
				CLANG_WARN_OBJC_IMPLICIT_RETAIN_SELF = YES;
				CLANG_WARN_OBJC_LITERAL_CONVERSION = YES;
				CLANG_WARN_OBJC_ROOT_CLASS = YES_ERROR;
				CLANG_WARN_QUOTED_INCLUDE_IN_FRAMEWORK_HEADER = YES;
				CLANG_WARN_RANGE_LOOP_ANALYSIS = YES;
				CLANG_WARN_STRICT_PROTOTYPES = YES;
				CLANG_WARN_SUSPICIOUS_MOVE = YES;
				CLANG_WARN_UNGUARDED_AVAILABILITY = YES_AGGRESSIVE;
				CLANG_WARN_UNREACHABLE_CODE = YES;
				CLANG_WARN__DUPLICATE_METHOD_MATCH = YES;
				COPY_PHASE_STRIP = NO;
				DEBUG_INFORMATION_FORMAT = "dwarf-with-dsym";
				ENABLE_NS_ASSERTIONS = NO;
				ENABLE_STRICT_OBJC_MSGSEND = YES;
				GCC_C_LANGUAGE_STANDARD = gnu11;
				GCC_NO_COMMON_BLOCKS = YES;
				GCC_WARN_64_TO_32_BIT_CONVERSION = YES;
				GCC_WARN_ABOUT_RETURN_TYPE = YES_ERROR;
				GCC_WARN_UNDECLARED_SELECTOR = YES;
				GCC_WARN_UNINITIALIZED_AUTOS = YES_AGGRESSIVE;
				GCC_WARN_UNUSED_FUNCTION = YES;
				GCC_WARN_UNUSED_VARIABLE = YES;
				MACOSX_DEPLOYMENT_TARGET = 11.2;
				MTL_ENABLE_DEBUG_INFO = NO;
				MTL_FAST_MATH = YES;
				SDKROOT = macosx;
			};
			name = Release;
		};
		85F240B6268050AB00B743F4 /* Debug */ = {
			isa = XCBuildConfiguration;
			buildSettings = {
				CODE_SIGN_STYLE = Automatic;
				HEADER_SEARCH_PATHS = /usr/local/include;
				LIBRARY_SEARCH_PATHS = (
					"$(inherited)",
					/usr/local/Cellar/glew/2.2.0_1/lib,
					/usr/local/Cellar/glfw/3.3.4/lib,
				);
				PRODUCT_NAME = "$(TARGET_NAME)";
			};
			name = Debug;
		};
		85F240B7268050AB00B743F4 /* Release */ = {
			isa = XCBuildConfiguration;
			buildSettings = {
				CODE_SIGN_STYLE = Automatic;
				HEADER_SEARCH_PATHS = /usr/local/include;
				LIBRARY_SEARCH_PATHS = (
					"$(inherited)",
					/usr/local/Cellar/glew/2.2.0_1/lib,
					/usr/local/Cellar/glfw/3.3.4/lib,
				);
				PRODUCT_NAME = "$(TARGET_NAME)";
			};
			name = Release;
		};
/* End XCBuildConfiguration section */

/* Begin XCConfigurationList section */
		85F240A9268050AB00B743F4 /* Build configuration list for PBXProject "opengl_practice" */ = {
			isa = XCConfigurationList;
			buildConfigurations = (
				85F240B3268050AB00B743F4 /* Debug */,
				85F240B4268050AB00B743F4 /* Release */,
			);
			defaultConfigurationIsVisible = 0;
			defaultConfigurationName = Release;
		};
		85F240B5268050AB00B743F4 /* Build configuration list for PBXNativeTarget "opengl_practice" */ = {
			isa = XCConfigurationList;
			buildConfigurations = (
				85F240B6268050AB00B743F4 /* Debug */,
				85F240B7268050AB00B743F4 /* Release */,
			);
			defaultConfigurationIsVisible = 0;
			defaultConfigurationName = Release;
		};
/* End XCConfigurationList section */
	};
	rootObject = 85F240A6268050AB00B743F4 /* Project object */;
}
